
Microsoft Visual Studio Solution File, Format Version 12.00
# Visual Studio 2013
VisualStudioVersion = 12.0.31101.0
MinimumVisualStudioVersion = 10.0.40219.1
Project("{FAE04EC0-301F-11D3-BF4B-00C04F79EFBC}") = "ProfileManagement", "ProfileManagement\ProfileManagement.csproj", "{9EC5333A-606E-4DB5-B9F5-51BABB3EE3FD}"
EndProject
Project("{FAE04EC0-301F-11D3-BF4B-00C04F79EFBC}") = "ProfileManagement.Tests", "ProfileManagement.Tests\ProfileManagement.Tests.csproj", "{2DE7E87F-8A98-4776-AE12-AC590E05E43E}"
EndProject
Project("{2150E333-8FDC-42A3-9474-1A3956D46DE8}") = "PublishScripts", "PublishScripts", "{87779ED7-22C6-405E-9AF5-F1ACE851CC79}"
	ProjectSection(SolutionItems) = preProject
		PublishScripts\AzureWebsitePublishModule.psm1 = PublishScripts\AzureWebsitePublishModule.psm1
		PublishScripts\Publish-WebApplicationWebsite.ps1 = PublishScripts\Publish-WebApplicationWebsite.ps1
	EndProjectSection
EndProject
Project("{2150E333-8FDC-42A3-9474-1A3956D46DE8}") = "Configurations", "Configurations", "{9E9A71DB-1C63-42B1-A805-8377BE405B65}"
	ProjectSection(SolutionItems) = preProject
		PublishScripts\Configurations\ProfileManagement-WAWS-dev.json = PublishScripts\Configurations\ProfileManagement-WAWS-dev.json
	EndProjectSection
EndProject
Project("{FAE04EC0-301F-11D3-BF4B-00C04F79EFBC}") = "ProfileManagement.Domain", "ProfileManagement.Domain\ProfileManagement.Domain.csproj", "{88A5DA8A-B019-4894-A91F-867487C8F455}"
EndProject
Global
	GlobalSection(SolutionConfigurationPlatforms) = preSolution
		Debug|Any CPU = Debug|Any CPU
		Release|Any CPU = Release|Any CPU
	EndGlobalSection
	GlobalSection(ProjectConfigurationPlatforms) = postSolution
		{9EC5333A-606E-4DB5-B9F5-51BABB3EE3FD}.Debug|Any CPU.ActiveCfg = Debug|Any CPU
		{9EC5333A-606E-4DB5-B9F5-51BABB3EE3FD}.Debug|Any CPU.Build.0 = Debug|Any CPU
		{9EC5333A-606E-4DB5-B9F5-51BABB3EE3FD}.Release|Any CPU.ActiveCfg = Release|Any CPU
		{9EC5333A-606E-4DB5-B9F5-51BABB3EE3FD}.Release|Any CPU.Build.0 = Release|Any CPU
		{2DE7E87F-8A98-4776-AE12-AC590E05E43E}.Debug|Any CPU.ActiveCfg = Debug|Any CPU
		{2DE7E87F-8A98-4776-AE12-AC590E05E43E}.Debug|Any CPU.Build.0 = Debug|Any CPU
		{2DE7E87F-8A98-4776-AE12-AC590E05E43E}.Release|Any CPU.ActiveCfg = Release|Any CPU
		{2DE7E87F-8A98-4776-AE12-AC590E05E43E}.Release|Any CPU.Build.0 = Release|Any CPU
		{88A5DA8A-B019-4894-A91F-867487C8F455}.Debug|Any CPU.ActiveCfg = Debug|Any CPU
		{88A5DA8A-B019-4894-A91F-867487C8F455}.Debug|Any CPU.Build.0 = Debug|Any CPU
		{88A5DA8A-B019-4894-A91F-867487C8F455}.Release|Any CPU.ActiveCfg = Release|Any CPU
		{88A5DA8A-B019-4894-A91F-867487C8F455}.Release|Any CPU.Build.0 = Release|Any CPU
	EndGlobalSection
	GlobalSection(SolutionProperties) = preSolution
		HideSolutionNode = FALSE
	EndGlobalSection
	GlobalSection(NestedProjects) = preSolution
		{9E9A71DB-1C63-42B1-A805-8377BE405B65} = {87779ED7-22C6-405E-9AF5-F1ACE851CC79}
	EndGlobalSection
EndGlobal
